
Microsoft Visual Studio Solution File, Format Version 12.00
# Visual Studio Version 17
VisualStudioVersion = 17.14.37111.16 d17.14
MinimumVisualStudioVersion = 10.0.40219.1
Project("{FAE04EC0-301F-11D3-BF4B-00C04F79EFBC}") = "Weavers.Core", "Weavers.Core.csproj", "{30283642-5B8E-44D1-BEE9-7674E2FE3A7E}"
EndProject
Project("{FAE04EC0-301F-11D3-BF4B-00C04F79EFBC}") = "Weavers.Api", "..\Weavers.Api\Weavers.Api.csproj", "{F4176ECA-1344-4586-8EC2-5F40539EA077}"
EndProject
Global
	GlobalSection(SolutionConfigurationPlatforms) = preSolution
		Debug|Any CPU = Debug|Any CPU
		Release|Any CPU = Release|Any CPU
	EndGlobalSection
	GlobalSection(ProjectConfigurationPlatforms) = postSolution
		{30283642-5B8E-44D1-BEE9-7674E2FE3A7E}.Debug|Any CPU.ActiveCfg = Debug|Any CPU
		{30283642-5B8E-44D1-BEE9-7674E2FE3A7E}.Debug|Any CPU.Build.0 = Debug|Any CPU
		{30283642-5B8E-44D1-BEE9-7674E2FE3A7E}.Release|Any CPU.ActiveCfg = Release|Any CPU
		{30283642-5B8E-44D1-BEE9-7674E2FE3A7E}.Release|Any CPU.Build.0 = Release|Any CPU
		{F4176ECA-1344-4586-8EC2-5F40539EA077}.Debug|Any CPU.ActiveCfg = Debug|Any CPU
		{F4176ECA-1344-4586-8EC2-5F40539EA077}.Debug|Any CPU.Build.0 = Debug|Any CPU
		{F4176ECA-1344-4586-8EC2-5F40539EA077}.Release|Any CPU.ActiveCfg = Release|Any CPU
		{F4176ECA-1344-4586-8EC2-5F40539EA077}.Release|Any CPU.Build.0 = Release|Any CPU
	EndGlobalSection
	GlobalSection(SolutionProperties) = preSolution
		HideSolutionNode = FALSE
	EndGlobalSection
	GlobalSection(ExtensibilityGlobals) = postSolution
		SolutionGuid = {4793BAD1-A08C-40CE-8ABB-FB8ED2CE8E3C}
	EndGlobalSection
EndGlobal
